# THIS IS AN AUTOGENERATED FILE. DO NOT EDIT THIS FILE DIRECTLY.
assets/banner.jpg:
  development: 2018-08-08T12:59:52-07:00   35d50fa57c1916bf1b21bed65814623a
assets/gift-card.scss.liquid:
  development: 2018-08-08T12:59:52-07:00
assets/ico-select.svg.liquid:
  development: 2018-08-08T12:59:52-07:00   9c9cc5a57cc74a0a64c2f62b1370a920
assets/icon-slideshow-left.svg.liquid:
  development: 2018-08-08T12:59:53-07:00   a067b6819f2de02e4a4071424fcf9efc
assets/icon-slideshow-right.svg.liquid:
  development: 2018-08-08T12:59:53-07:00   4962616631b7306c922577823a9f5b30
assets/jquery-1.11.0.min.js:
  development: 2018-08-08T12:59:53-07:00   8fc25e27d42774aeae6edbc0a18b72aa
assets/lazysizes.min.js:
  development: 2018-08-08T12:59:53-07:00   f2a5b6f596a7729e2661a6d2595d61c9
assets/modernizr.min.js:
  development: 2018-08-08T12:59:53-07:00   293e451a80e8d63bb419a96311562ff9
assets/theme.js.liquid:
  development: 2018-08-08T12:59:53-07:00   ddb79f5f16923e222ac1a883a3177197
assets/theme.scss.liquid:
  development: 2018-08-08T12:59:53-07:00   a496791eb3b5be7b803728c9472d449a
config/settings_data.json:
  development: 2018-08-08T12:59:56-07:00   aec749daf80829485350248d9565f885
config/settings_schema.json:
  development: 2018-08-08T12:59:56-07:00   fe6a2752d107e07d5eaa9afa498745fc
layout/password.liquid:
  development: 2018-08-08T12:59:53-07:00   ad505793cf76ef5a7bd827d178ed5a65
layout/theme.liquid:
  development: 2018-08-08T12:59:53-07:00   4e7911628ec7bde7bbe9ba269f562a9e
locales/de.json:
  development: 2018-08-08T12:59:53-07:00   1ef9d6119f151afdddcf6916c0756ce2
locales/en.default.json:
  development: 2018-08-08T12:59:53-07:00   ed054191fce69b271ebb06b7772e0d87
locales/es.json:
  development: 2018-08-08T12:59:53-07:00   326876ebd263f2cc86ed0d143233f59e
locales/fr.json:
  development: 2018-08-08T12:59:54-07:00   ff35ba67fefd8513f344d94f0d8f2c06
locales/it.json:
  development: 2018-08-08T12:59:54-07:00   fd9bcae5344bfe03d4bb18f5cece726b
locales/ja.json:
  development: 2018-08-08T12:59:54-07:00   d5c50f57683cca6178b0f9d683ccf3fb
locales/pt-BR.json:
  development: 2018-08-08T12:59:54-07:00   68de8c3c9bf88a6a0e33dc60805ec4c1
locales/pt-PT.json:
  development: 2018-08-08T12:59:54-07:00   317f6beed239856d30dd6fb8b30c73b5
sections/advanced-content.liquid:
  development: 2018-08-08T12:59:51-07:00   ac97b02d8b52705edfb44d025bda31aa
sections/article-template.liquid:
  development: 2018-08-08T12:59:51-07:00   cca17337de98951206eff8eb2d508973
sections/collection-list.liquid:
  development: 2018-08-08T12:59:51-07:00   4dfd594ea81e17f71b51ac81ee3bebe7
sections/collection-template.liquid:
  development: 2018-08-08T12:59:51-07:00   4a38d8b8467f427dd4c3b233d0ab5cdd
sections/featured-banner.liquid:
  development: 2018-08-08T12:59:51-07:00   a0b63a5bd23c838afeea8965b66442a6
sections/featured-blog.liquid:
  development: 2018-08-08T12:59:51-07:00   9a29aec168e943e492d560728abd0962
sections/featured-content.liquid:
  development: 2018-08-08T12:59:51-07:00   c3f1882bff013c5b5069d2ee0f78c68a
sections/featured-product.liquid:
  development: 2018-08-08T12:59:52-07:00   765cd935783eb6179aa841d11ba85dc5
sections/featured-products.liquid:
  development: 2018-08-08T12:59:52-07:00   3d9df20ec1ee3cf5f5cdc967783c5abd
sections/featured-row.liquid:
  development: 2018-08-08T12:59:52-07:00   ac4171b245c753e911d8f59992f74580
sections/featured-video.liquid:
  development: 2018-08-08T12:59:52-07:00   d69d9b2f031ff0f9fc40978f5a1c4d4a
sections/footer.liquid:
  development: 2018-08-08T12:59:52-07:00   b24731fe8229018f40790e41c9340959
sections/header.liquid:
  development: 2018-08-08T12:59:52-07:00   dafa40ceb648fb0dbbc513fa45039b4c
sections/list-collections-template.liquid:
  development: 2018-08-08T12:59:52-07:00   5cee42a561d01c41c11b1b3031c9eb40
sections/map.liquid:
  development: 2018-08-08T12:59:52-07:00   30efd550c43c91317b870f9444f6fba7
sections/newsletter.liquid:
  development: 2018-08-08T12:59:52-07:00   5a465256d06712df0cf77d7ba6def1fb
sections/password-content.liquid:
  development: 2018-08-08T12:59:52-07:00   2a70e54fb94b7dd7dc36a5596ef60de6
sections/password-header.liquid:
  development: 2018-08-08T12:59:52-07:00   0dabed945442c440027e199baefc71fa
sections/product-template.liquid:
  development: 2018-08-08T12:59:52-07:00   2cf170f05780bce3e3cde0b570aef14f
sections/sidebar.liquid:
  development: 2018-08-08T12:59:52-07:00   48e5495ee6756f32969a1f62797008f7
sections/slideshow.liquid:
  development: 2018-08-08T12:59:52-07:00   8b5417e16783b70c40c45a907d1fc2b3
snippets/bgset.liquid:
  development: 2018-08-08T12:59:54-07:00   a28507bd19b215aa7a27c8a6a16e6f1b
snippets/breadcrumb-nav.liquid:
  development: 2018-08-08T12:59:54-07:00   f10d67017bcc6105c56e9f539b9d7056
snippets/collection-grid-item.liquid:
  development: 2018-08-08T12:59:54-07:00   669167fa4f4196191ac923254531d189
snippets/comment.liquid:
  development: 2018-08-08T12:59:54-07:00   857825835ca6c43c28ee55e116e4c803
snippets/featured-blog.liquid:
  development: 2018-08-08T12:59:54-07:00   0498b92623d6812d7a3dd2290e4bbe76
snippets/icon-arrow-down.liquid:
  development: 2018-08-08T12:59:54-07:00   5f04b092b5cf026cd6fab3f33ebdf036
snippets/icon-arrow-right.liquid:
  development: 2018-08-08T12:59:54-07:00   673b5df6fc529ea067e1e043cdee0f6b
snippets/icon-cart.liquid:
  development: 2018-08-08T12:59:54-07:00   f9b69bc3b59ab9522e8acaf26177cd4b
snippets/icon-close.liquid:
  development: 2018-08-08T12:59:54-07:00   1ae4758b5f5e0acc627a32e96ed79da9
snippets/icon-facebook.liquid:
  development: 2018-08-08T12:59:54-07:00   334588042b292f2d7335fd2791c35eca
snippets/icon-fancy.liquid:
  development: 2018-08-08T12:59:54-07:00   1b2e8c5ae0be6a60661773457b03c075
snippets/icon-google-plus.liquid:
  development: 2018-08-08T12:59:54-07:00   695eb6c232c09607080a51159cb81ef0
snippets/icon-hamburger.liquid:
  development: 2018-08-08T12:59:54-07:00   376481fbfb3706d72c5a9ecd55394ae5
snippets/icon-instagram.liquid:
  development: 2018-08-08T12:59:54-07:00   bf50214819f6e2a5f053593e2414526d
snippets/icon-lock.liquid:
  development: 2018-08-08T12:59:54-07:00   60ae7ba03d14efa582faed8855821a58
snippets/icon-minus.liquid:
  development: 2018-08-08T12:59:54-07:00   78c513424d498299e865f8a242823ad0
snippets/icon-pin.liquid:
  development: 2018-08-08T12:59:54-07:00   694162388571d6142ec30bc299d8ac91
snippets/icon-pinterest.liquid:
  development: 2018-08-08T12:59:54-07:00   701f2a785b3fa83d63e3ab54af060031
snippets/icon-plus.liquid:
  development: 2018-08-08T12:59:54-07:00   ba5297f64eb7ea97f1785e8166e11231
snippets/icon-rss.liquid:
  development: 2018-08-08T12:59:54-07:00   6493d6bcb850513a55823d4ff62b0f8b
snippets/icon-search.liquid:
  development: 2018-08-08T12:59:54-07:00   a87ad34972418ed6358f17c62949f804
snippets/icon-shopify-logo.liquid:
  development: 2018-08-08T12:59:54-07:00   3f0b70f9e01be5b25507d25a732ecde7
snippets/icon-snapchat.liquid:
  development: 2018-08-08T12:59:54-07:00   9ed6937e3232c9034976be2b8ed9f673
snippets/icon-tumblr.liquid:
  development: 2018-08-08T12:59:54-07:00   d71a4ada77a8a9b6bd792bdafef393de
snippets/icon-twitter.liquid:
  development: 2018-08-08T12:59:54-07:00   24047c22697a23a0baabf2804adc6c11
snippets/icon-update.liquid:
  development: 2018-08-08T12:59:54-07:00   5f2d0971896ba025061affa5e0c8aa2b
snippets/icon-vimeo.liquid:
  development: 2018-08-08T12:59:55-07:00   a229ed8a1a81e6ef95ad621f8a34efb6
snippets/icon-youtube.liquid:
  development: 2018-08-08T12:59:55-07:00   9d72c5bc3eaa14a3e7aefd921881b1ae
snippets/image-style.liquid:
  development: 2018-08-08T12:59:55-07:00   4dc520141f123f01c25d0e0aff4b59fe
snippets/newsletter.liquid:
  development: 2018-08-08T12:59:55-07:00   a51e22413a3786c33070c980374060bb
snippets/onboarding-featured-blog.liquid:
  development: 2018-08-08T12:59:55-07:00   112c2401c0473fff01bbe7e034661aa8
snippets/product-description.liquid:
  development: 2018-08-08T12:59:55-07:00   1eeacd0e7951c54eac1d303ee05fa847
snippets/product-grid-item.liquid:
  development: 2018-08-08T12:59:55-07:00   bea5fe33d9ad5e80f8fcf2585b47ad92
snippets/related-products.liquid:
  development: 2018-08-08T12:59:55-07:00   633251cae57fa8ba8fef75bd44c9725b
snippets/social-meta-tags.liquid:
  development: 2018-08-08T12:59:55-07:00   ae9e213401623b2601abf0ace8e21537
snippets/social-sharing.liquid:
  development: 2018-08-08T12:59:55-07:00   00ef62633c4438c98624f913e802974f
templates/404.liquid:
  development: 2018-08-08T12:59:55-07:00   44a6b0129de575e7085a047bc2096a76
templates/article.liquid:
  development: 2018-08-08T12:59:55-07:00   08563437ca9c95766c220339923d2899
templates/blog.liquid:
  development: 2018-08-08T12:59:55-07:00   aa84ffccd2208fd2dd40f33a5167093f
templates/cart.liquid:
  development: 2018-08-11T16:25:42-07:00   787443b6af8fc52a554caa6969b3d54f
templates/collection.liquid:
  development: 2018-08-08T12:59:55-07:00   2a3d1329a10102fc0d2aec5467c0018e
templates/customers/account.liquid:
  development: 2018-08-08T12:59:55-07:00   879221a1310ebe324aa78d357ec44c9d
templates/customers/activate_account.liquid:
  development: 2018-08-08T12:59:55-07:00   cfd3f62f96d190e3dc903daaa8cac975
templates/customers/addresses.liquid:
  development: 2018-08-08T12:59:55-07:00   a82a99a3b45479b9fbd86659d00d81b6
templates/customers/login.liquid:
  development: 2018-08-08T12:59:55-07:00   47d6b4c6e71a3334d8d82afe463cfeff
templates/customers/order.liquid:
  development: 2018-08-08T12:59:55-07:00   1a5eaf1c019788fc01018f80b996d478
templates/customers/register.liquid:
  development: 2018-08-08T12:59:55-07:00   e7a90aeec9ee063a59246f347405c987
templates/customers/reset_password.liquid:
  development: 2018-08-08T12:59:55-07:00   0aa406cf9eade91838a28d628a776207
templates/gift_card.liquid:
  development: 2018-08-08T12:59:55-07:00   685df6efb1dcd127f670cde842d5f5bc
templates/index.liquid:
  development: 2018-08-11T16:31:27-07:00   f928d6eada4f0a3d891309421f31f99f
templates/list-collections.liquid:
  development: 2018-08-08T12:59:55-07:00   eabed71f62563b929b8da83a4aeacbfb
templates/page.contact.liquid:
  development: 2018-08-08T12:59:56-07:00   d4e3284c89f398f0feab0952f64ca5ac
templates/page.liquid:
  development: 2018-08-08T12:59:56-07:00   e1b64d2499164dede0a7c6df21b03f9c
templates/password.liquid:
  development: 2018-08-08T12:59:56-07:00   197aff54ed6868121a8feaa8b77f94e6
templates/product.liquid:
  development: 2018-08-08T12:59:56-07:00   8dc0a5ff5551ec620d64c92ba21689d8
templates/search.liquid:
  development: 2018-08-08T12:59:56-07:00   512629375f37d716c110b5445fad531a
